
Microsoft Visual Studio Solution File, Format Version 12.00
# Visual Studio Version 17
VisualStudioVersion = 17.0.31903.59
MinimumVisualStudioVersion = 10.0.40219.1
Project("{2150E333-8FDC-42A3-9474-1A3956D46DE8}") = "src", "src", "{818EADDF-2472-409F-BF77-205D4998E2B0}"
EndProject
Project("{9A19103F-16F7-4668-BE54-9A1E7A4F7556}") = "Presentation.BSA", "src\Presentation.BSA\Presentation.BSA.csproj", "{E9646526-C4F7-431D-9250-4EA218440C25}"
EndProject
Project("{9A19103F-16F7-4668-BE54-9A1E7A4F7556}") = "Infrastructure", "src\Infrastructure\Infrastructure.csproj", "{F91ABAEC-5224-4307-9C48-2AD93EB93851}"
EndProject
Project("{9A19103F-16F7-4668-BE54-9A1E7A4F7556}") = "Application", "src\Application\Application.csproj", "{4C3DAFAE-2977-41BF-BB89-1B2A9FE1CC43}"
EndProject
Project("{9A19103F-16F7-4668-BE54-9A1E7A4F7556}") = "Domain", "src\Domain\Domain.csproj", "{3F258792-C80E-4394-AF20-071F1E673EBE}"
EndProject
Project("{9A19103F-16F7-4668-BE54-9A1E7A4F7556}") = "Common", "src\Common\Common.csproj", "{E1E03824-C9AD-4B50-9D5F-657A9CFF295E}"
EndProject
Project("{2150E333-8FDC-42A3-9474-1A3956D46DE8}") = "tst", "tst", "{DC814943-23A4-45E8-8D0C-3A47D3E741AB}"
EndProject
Project("{9A19103F-16F7-4668-BE54-9A1E7A4F7556}") = "Application.UnitTests", "tst\Application.UnitTests\Application.UnitTests.csproj", "{C73F90DA-0C3B-4DA6-9CAA-B0AB53FB08A5}"
EndProject
Project("{9A19103F-16F7-4668-BE54-9A1E7A4F7556}") = "Domain.UnitTests", "tst\Domain.UnitTests\Domain.UnitTests.csproj", "{F53D7198-78D3-4763-BBF1-23AEC40895FA}"
EndProject
Project("{9A19103F-16F7-4668-BE54-9A1E7A4F7556}") = "Infrastructure.UnitTests", "tst\Infrastructure.UnitTests\Infrastructure.UnitTests.csproj", "{1B152EB3-2D64-4402-BF53-52B361EC939A}"
EndProject
Project("{9A19103F-16F7-4668-BE54-9A1E7A4F7556}") = "Infrastructure.IntegrationTests", "tst\Infrastructure.IntegrationTests\Infrastructure.IntegrationTests.csproj", "{481A9A31-998E-422A-9034-651BDF2942E2}"
EndProject
Project("{9A19103F-16F7-4668-BE54-9A1E7A4F7556}") = "TestCommon", "tst\TestCommon\TestCommon.csproj", "{E24C5B91-754A-42AB-A49E-E4AD67A69B28}"
EndProject
Project("{9A19103F-16F7-4668-BE54-9A1E7A4F7556}") = "Presentation.UnitTests", "tst\Presentation.UnitTests\Presentation.UnitTests.csproj", "{9EC9B213-8C80-490D-B3EB-C56523FAE884}"
EndProject
Project("{9A19103F-16F7-4668-BE54-9A1E7A4F7556}") = "Presentation.IntegrationTests", "tst\Presentation.IntegrationTests\Presentation.IntegrationTests.csproj", "{E758943E-8E30-4DB4-815A-53F3C5FCDC5E}"
EndProject
Project("{FAE04EC0-301F-11D3-BF4B-00C04F79EFBC}") = "Presentation.Console", "src\Presentation.Console\Presentation.Console.csproj", "{717C2C71-F6FC-47DD-A4BA-4C335117611A}"
EndProject
Project("{FAE04EC0-301F-11D3-BF4B-00C04F79EFBC}") = "Presentation.Functions", "src\Presentation.Functions\Presentation.Functions.csproj", "{75248DF1-10DA-4FDD-9885-D61CCB8DA085}"
EndProject
Project("{FAE04EC0-301F-11D3-BF4B-00C04F79EFBC}") = "Presentation.Common", "src\Presentation.Common\Presentation.Common.csproj", "{BFC2F8F0-681D-42FC-B84F-D984FC638A05}"
EndProject
Global
	GlobalSection(SolutionConfigurationPlatforms) = preSolution
		Debug|Any CPU = Debug|Any CPU
		Release|Any CPU = Release|Any CPU
	EndGlobalSection
	GlobalSection(ProjectConfigurationPlatforms) = postSolution
		{E9646526-C4F7-431D-9250-4EA218440C25}.Debug|Any CPU.ActiveCfg = Debug|Any CPU
		{E9646526-C4F7-431D-9250-4EA218440C25}.Debug|Any CPU.Build.0 = Debug|Any CPU
		{E9646526-C4F7-431D-9250-4EA218440C25}.Release|Any CPU.ActiveCfg = Release|Any CPU
		{E9646526-C4F7-431D-9250-4EA218440C25}.Release|Any CPU.Build.0 = Release|Any CPU
		{F91ABAEC-5224-4307-9C48-2AD93EB93851}.Debug|Any CPU.ActiveCfg = Debug|Any CPU
		{F91ABAEC-5224-4307-9C48-2AD93EB93851}.Debug|Any CPU.Build.0 = Debug|Any CPU
		{F91ABAEC-5224-4307-9C48-2AD93EB93851}.Release|Any CPU.ActiveCfg = Release|Any CPU
		{F91ABAEC-5224-4307-9C48-2AD93EB93851}.Release|Any CPU.Build.0 = Release|Any CPU
		{4C3DAFAE-2977-41BF-BB89-1B2A9FE1CC43}.Debug|Any CPU.ActiveCfg = Debug|Any CPU
		{4C3DAFAE-2977-41BF-BB89-1B2A9FE1CC43}.Debug|Any CPU.Build.0 = Debug|Any CPU
		{4C3DAFAE-2977-41BF-BB89-1B2A9FE1CC43}.Release|Any CPU.ActiveCfg = Release|Any CPU
		{4C3DAFAE-2977-41BF-BB89-1B2A9FE1CC43}.Release|Any CPU.Build.0 = Release|Any CPU
		{3F258792-C80E-4394-AF20-071F1E673EBE}.Debug|Any CPU.ActiveCfg = Debug|Any CPU
		{3F258792-C80E-4394-AF20-071F1E673EBE}.Debug|Any CPU.Build.0 = Debug|Any CPU
		{3F258792-C80E-4394-AF20-071F1E673EBE}.Release|Any CPU.ActiveCfg = Release|Any CPU
		{3F258792-C80E-4394-AF20-071F1E673EBE}.Release|Any CPU.Build.0 = Release|Any CPU
		{E1E03824-C9AD-4B50-9D5F-657A9CFF295E}.Debug|Any CPU.ActiveCfg = Debug|Any CPU
		{E1E03824-C9AD-4B50-9D5F-657A9CFF295E}.Debug|Any CPU.Build.0 = Debug|Any CPU
		{E1E03824-C9AD-4B50-9D5F-657A9CFF295E}.Release|Any CPU.ActiveCfg = Release|Any CPU
		{E1E03824-C9AD-4B50-9D5F-657A9CFF295E}.Release|Any CPU.Build.0 = Release|Any CPU
		{C73F90DA-0C3B-4DA6-9CAA-B0AB53FB08A5}.Debug|Any CPU.ActiveCfg = Debug|Any CPU
		{C73F90DA-0C3B-4DA6-9CAA-B0AB53FB08A5}.Debug|Any CPU.Build.0 = Debug|Any CPU
		{C73F90DA-0C3B-4DA6-9CAA-B0AB53FB08A5}.Release|Any CPU.ActiveCfg = Release|Any CPU
		{C73F90DA-0C3B-4DA6-9CAA-B0AB53FB08A5}.Release|Any CPU.Build.0 = Release|Any CPU
		{F53D7198-78D3-4763-BBF1-23AEC40895FA}.Debug|Any CPU.ActiveCfg = Debug|Any CPU
		{F53D7198-78D3-4763-BBF1-23AEC40895FA}.Debug|Any CPU.Build.0 = Debug|Any CPU
		{F53D7198-78D3-4763-BBF1-23AEC40895FA}.Release|Any CPU.ActiveCfg = Release|Any CPU
		{F53D7198-78D3-4763-BBF1-23AEC40895FA}.Release|Any CPU.Build.0 = Release|Any CPU
		{1B152EB3-2D64-4402-BF53-52B361EC939A}.Debug|Any CPU.ActiveCfg = Debug|Any CPU
		{1B152EB3-2D64-4402-BF53-52B361EC939A}.Debug|Any CPU.Build.0 = Debug|Any CPU
		{1B152EB3-2D64-4402-BF53-52B361EC939A}.Release|Any CPU.ActiveCfg = Release|Any CPU
		{1B152EB3-2D64-4402-BF53-52B361EC939A}.Release|Any CPU.Build.0 = Release|Any CPU
		{481A9A31-998E-422A-9034-651BDF2942E2}.Debug|Any CPU.ActiveCfg = Debug|Any CPU
		{481A9A31-998E-422A-9034-651BDF2942E2}.Debug|Any CPU.Build.0 = Debug|Any CPU
		{481A9A31-998E-422A-9034-651BDF2942E2}.Release|Any CPU.ActiveCfg = Release|Any CPU
		{481A9A31-998E-422A-9034-651BDF2942E2}.Release|Any CPU.Build.0 = Release|Any CPU
		{E24C5B91-754A-42AB-A49E-E4AD67A69B28}.Debug|Any CPU.ActiveCfg = Debug|Any CPU
		{E24C5B91-754A-42AB-A49E-E4AD67A69B28}.Debug|Any CPU.Build.0 = Debug|Any CPU
		{E24C5B91-754A-42AB-A49E-E4AD67A69B28}.Release|Any CPU.ActiveCfg = Release|Any CPU
		{E24C5B91-754A-42AB-A49E-E4AD67A69B28}.Release|Any CPU.Build.0 = Release|Any CPU
		{9EC9B213-8C80-490D-B3EB-C56523FAE884}.Debug|Any CPU.ActiveCfg = Debug|Any CPU
		{9EC9B213-8C80-490D-B3EB-C56523FAE884}.Debug|Any CPU.Build.0 = Debug|Any CPU
		{9EC9B213-8C80-490D-B3EB-C56523FAE884}.Release|Any CPU.ActiveCfg = Release|Any CPU
		{9EC9B213-8C80-490D-B3EB-C56523FAE884}.Release|Any CPU.Build.0 = Release|Any CPU
		{E758943E-8E30-4DB4-815A-53F3C5FCDC5E}.Debug|Any CPU.ActiveCfg = Debug|Any CPU
		{E758943E-8E30-4DB4-815A-53F3C5FCDC5E}.Debug|Any CPU.Build.0 = Debug|Any CPU
		{E758943E-8E30-4DB4-815A-53F3C5FCDC5E}.Release|Any CPU.ActiveCfg = Release|Any CPU
		{E758943E-8E30-4DB4-815A-53F3C5FCDC5E}.Release|Any CPU.Build.0 = Release|Any CPU
		{717C2C71-F6FC-47DD-A4BA-4C335117611A}.Debug|Any CPU.ActiveCfg = Debug|Any CPU
		{717C2C71-F6FC-47DD-A4BA-4C335117611A}.Debug|Any CPU.Build.0 = Debug|Any CPU
		{717C2C71-F6FC-47DD-A4BA-4C335117611A}.Release|Any CPU.ActiveCfg = Release|Any CPU
		{717C2C71-F6FC-47DD-A4BA-4C335117611A}.Release|Any CPU.Build.0 = Release|Any CPU
		{75248DF1-10DA-4FDD-9885-D61CCB8DA085}.Debug|Any CPU.ActiveCfg = Debug|Any CPU
		{75248DF1-10DA-4FDD-9885-D61CCB8DA085}.Debug|Any CPU.Build.0 = Debug|Any CPU
		{75248DF1-10DA-4FDD-9885-D61CCB8DA085}.Release|Any CPU.ActiveCfg = Release|Any CPU
		{75248DF1-10DA-4FDD-9885-D61CCB8DA085}.Release|Any CPU.Build.0 = Release|Any CPU
		{BFC2F8F0-681D-42FC-B84F-D984FC638A05}.Debug|Any CPU.ActiveCfg = Debug|Any CPU
		{BFC2F8F0-681D-42FC-B84F-D984FC638A05}.Debug|Any CPU.Build.0 = Debug|Any CPU
		{BFC2F8F0-681D-42FC-B84F-D984FC638A05}.Release|Any CPU.ActiveCfg = Release|Any CPU
		{BFC2F8F0-681D-42FC-B84F-D984FC638A05}.Release|Any CPU.Build.0 = Release|Any CPU
	EndGlobalSection
	GlobalSection(SolutionProperties) = preSolution
		HideSolutionNode = FALSE
	EndGlobalSection
	GlobalSection(NestedProjects) = preSolution
		{E9646526-C4F7-431D-9250-4EA218440C25} = {818EADDF-2472-409F-BF77-205D4998E2B0}
		{F91ABAEC-5224-4307-9C48-2AD93EB93851} = {818EADDF-2472-409F-BF77-205D4998E2B0}
		{4C3DAFAE-2977-41BF-BB89-1B2A9FE1CC43} = {818EADDF-2472-409F-BF77-205D4998E2B0}
		{3F258792-C80E-4394-AF20-071F1E673EBE} = {818EADDF-2472-409F-BF77-205D4998E2B0}
		{E1E03824-C9AD-4B50-9D5F-657A9CFF295E} = {818EADDF-2472-409F-BF77-205D4998E2B0}
		{C73F90DA-0C3B-4DA6-9CAA-B0AB53FB08A5} = {DC814943-23A4-45E8-8D0C-3A47D3E741AB}
		{F53D7198-78D3-4763-BBF1-23AEC40895FA} = {DC814943-23A4-45E8-8D0C-3A47D3E741AB}
		{1B152EB3-2D64-4402-BF53-52B361EC939A} = {DC814943-23A4-45E8-8D0C-3A47D3E741AB}
		{481A9A31-998E-422A-9034-651BDF2942E2} = {DC814943-23A4-45E8-8D0C-3A47D3E741AB}
		{E24C5B91-754A-42AB-A49E-E4AD67A69B28} = {DC814943-23A4-45E8-8D0C-3A47D3E741AB}
		{9EC9B213-8C80-490D-B3EB-C56523FAE884} = {DC814943-23A4-45E8-8D0C-3A47D3E741AB}
		{E758943E-8E30-4DB4-815A-53F3C5FCDC5E} = {DC814943-23A4-45E8-8D0C-3A47D3E741AB}
		{717C2C71-F6FC-47DD-A4BA-4C335117611A} = {818EADDF-2472-409F-BF77-205D4998E2B0}
		{75248DF1-10DA-4FDD-9885-D61CCB8DA085} = {818EADDF-2472-409F-BF77-205D4998E2B0}
		{BFC2F8F0-681D-42FC-B84F-D984FC638A05} = {818EADDF-2472-409F-BF77-205D4998E2B0}
	EndGlobalSection
	GlobalSection(ExtensibilityGlobals) = postSolution
		SolutionGuid = {51C2C1FD-BB07-4612-8C8B-39CF68D2D396}
	EndGlobalSection
EndGlobal
